<?xml version="1.0" encoding="UTF-8"?>
<Scheme
   version = "1.3">
   <BuildAction>
      <BuildActionEntries>
         <BuildActionEntry
            buildForRunning = "YES">
            <BuildableReference
               BuildableIdentifier = "primary"
               BlueprintIdentifier = "FE0A0179205E7BD90027117B"
               BuildableName = "SwiftCpp.app"
               BlueprintName = "SwiftCpp"
               ReferencedContainer = "container:SwiftCpp.xcodeproj">
            </BuildableReference>
         </BuildActionEntry>
      </BuildActionEntries>
   </BuildAction>
   <LaunchAction
      useCustomWorkingDirectory = "NO"
      buildConfiguration = "Debug">
      <BuildableProductRunnable>
         <BuildableReference
            BuildableIdentifier = "primary"
            BlueprintIdentifier = "FE0A0179205E7BD90027117B"
            BuildableName = "SwiftCpp.app"
            BlueprintName = "SwiftCpp"
            ReferencedContainer = "container:SwiftCpp.xcodeproj">
         </BuildableReference>
      </BuildableProductRunnable>
   </LaunchAction>
</Scheme>
