// !$*UTF8*$!
{
	archiveVersion = 1;
	classes = {
	};
	objectVersion = 48;
	objects = {

/* Begin PBXBuildFile section */
		30B0FCB571D70E8072B683FA /* CppInterface.cpp in Sources */ = {isa = PBXBuildFile; fileRef = 30B0F6AB6601FB7EAF004880 /* CppInterface.cpp */; };
		FE0A017E205E7BD90027117B /* AppDelegate.swift in Sources */ = {isa = PBXBuildFile; fileRef = FE0A017D205E7BD90027117B /* AppDelegate.swift */; };
		FE0A0180205E7BD90027117B /* ViewController.swift in Sources */ = {isa = PBXBuildFile; fileRef = FE0A017F205E7BD90027117B /* ViewController.swift */; };
		FE0A0182205E7BD90027117B /* Assets.xcassets in Resources */ = {isa = PBXBuildFile; fileRef = FE0A0181205E7BD90027117B /* Assets.xcassets */; };
		FE0A0185205E7BD90027117B /* Main.storyboard in Resources */ = {isa = PBXBuildFile; fileRef = FE0A0183205E7BD90027117B /* Main.storyboard */; };
		FE0A0190205E844B0027117B /* CppWrapper.mm in Sources */ = {isa = PBXBuildFile; fileRef = FE0A018F205E844B0027117B /* CppWrapper.mm */; };
/* End PBXBuildFile section */

/* Begin PBXFileReference section */
		30B0F6AB6601FB7EAF004880 /* CppInterface.cpp */ = {isa = PBXFileReference; fileEncoding = 4; lastKnownFileType = sourcecode.cpp.cpp; path = CppInterface.cpp; sourceTree = "<group>"; };
		30B0F7FBC30682A08B03AAF3 /* CppInterface.h */ = {isa = PBXFileReference; fileEncoding = 4; lastKnownFileType = sourcecode.c.h; path = CppInterface.h; sourceTree = "<group>"; };
		FE0A017A205E7BD90027117B /* SwiftCpp.app */ = {isa = PBXFileReference; explicitFileType = wrapper.application; includeInIndex = 0; path = SwiftCpp.app; sourceTree = BUILT_PRODUCTS_DIR; };
		FE0A017D205E7BD90027117B /* AppDelegate.swift */ = {isa = PBXFileReference; lastKnownFileType = sourcecode.swift; path = AppDelegate.swift; sourceTree = "<group>"; };
		FE0A017F205E7BD90027117B /* ViewController.swift */ = {isa = PBXFileReference; lastKnownFileType = sourcecode.swift; path = ViewController.swift; sourceTree = "<group>"; };
		FE0A0181205E7BD90027117B /* Assets.xcassets */ = {isa = PBXFileReference; lastKnownFileType = folder.assetcatalog; path = Assets.xcassets; sourceTree = "<group>"; };
		FE0A0184205E7BD90027117B /* Base */ = {isa = PBXFileReference; lastKnownFileType = file.storyboard; name = Base; path = Base.lproj/Main.storyboard; sourceTree = "<group>"; };
		FE0A0186205E7BD90027117B /* Info.plist */ = {isa = PBXFileReference; lastKnownFileType = text.plist.xml; path = Info.plist; sourceTree = "<group>"; };
		FE0A0187205E7BD90027117B /* SwiftCpp.entitlements */ = {isa = PBXFileReference; lastKnownFileType = text.plist.entitlements; path = SwiftCpp.entitlements; sourceTree = "<group>"; };
		FE0A018D205E844A0027117B /* SwiftCpp-Bridging-Header.h */ = {isa = PBXFileReference; lastKnownFileType = sourcecode.c.h; path = "SwiftCpp-Bridging-Header.h"; sourceTree = "<group>"; };
		FE0A018E205E844B0027117B /* CppWrapper.h */ = {isa = PBXFileReference; fileEncoding = 4; lastKnownFileType = sourcecode.c.h; path = CppWrapper.h; sourceTree = "<group>"; };
		FE0A018F205E844B0027117B /* CppWrapper.mm */ = {isa = PBXFileReference; fileEncoding = 4; lastKnownFileType = sourcecode.cpp.objcpp; path = CppWrapper.mm; sourceTree = "<group>"; };
/* End PBXFileReference section */

/* Begin PBXFrameworksBuildPhase section */
		FE0A0177205E7BD90027117B /* Frameworks */ = {
			isa = PBXFrameworksBuildPhase;
			buildActionMask = 2147483647;
			files = (
			);
			runOnlyForDeploymentPostprocessing = 0;
		};
/* End PBXFrameworksBuildPhase section */

/* Begin PBXGroup section */
		30B0FCB89F243E21EF414853 /* Cpp */ = {
			isa = PBXGroup;
			children = (
				30B0F7FBC30682A08B03AAF3 /* CppInterface.h */,
				30B0F6AB6601FB7EAF004880 /* CppInterface.cpp */,
			);
			path = Cpp;
			sourceTree = "<group>";
		};
		FE0A0171205E7BD90027117B = {
			isa = PBXGroup;
			children = (
				FE0A017C205E7BD90027117B /* SwiftCpp */,
				FE0A017B205E7BD90027117B /* Products */,
				30B0FCB89F243E21EF414853 /* Cpp */,
			);
			sourceTree = "<group>";
		};
		FE0A017B205E7BD90027117B /* Products */ = {
			isa = PBXGroup;
			children = (
				FE0A017A205E7BD90027117B /* SwiftCpp.app */,
			);
			name = Products;
			sourceTree = "<group>";
		};
		FE0A017C205E7BD90027117B /* SwiftCpp */ = {
			isa = PBXGroup;
			children = (
				FE0A017D205E7BD90027117B /* AppDelegate.swift */,
				FE0A017F205E7BD90027117B /* ViewController.swift */,
				FE0A0181205E7BD90027117B /* Assets.xcassets */,
				FE0A0183205E7BD90027117B /* Main.storyboard */,
				FE0A0186205E7BD90027117B /* Info.plist */,
				FE0A0187205E7BD90027117B /* SwiftCpp.entitlements */,
				FE0A018E205E844B0027117B /* CppWrapper.h */,
				FE0A018F205E844B0027117B /* CppWrapper.mm */,
				FE0A018D205E844A0027117B /* SwiftCpp-Bridging-Header.h */,
			);
			path = SwiftCpp;
			sourceTree = "<group>";
		};
/* End PBXGroup section */

/* Begin PBXNativeTarget section */
		FE0A0179205E7BD90027117B /* SwiftCpp */ = {
			isa = PBXNativeTarget;
			buildConfigurationList = FE0A018A205E7BD90027117B /* Build configuration list for PBXNativeTarget "SwiftCpp" */;
			buildPhases = (
				FE0A0176205E7BD90027117B /* Sources */,
				FE0A0177205E7BD90027117B /* Frameworks */,
				FE0A0178205E7BD90027117B /* Resources */,
			);
			buildRules = (
			);
			dependencies = (
			);
			name = SwiftCpp;
			productName = SwiftCpp;
			productReference = FE0A017A205E7BD90027117B /* SwiftCpp.app */;
			productType = "com.apple.product-type.application";
		};
/* End PBXNativeTarget section */

/* Begin PBXProject section */
		FE0A0172205E7BD90027117B /* Project object */ = {
			isa = PBXProject;
			attributes = {
				LastSwiftUpdateCheck = 0920;
				LastUpgradeCheck = 0920;
				ORGANIZATIONNAME = "Myakushka Production";
				TargetAttributes = {
					FE0A0179205E7BD90027117B = {
						CreatedOnToolsVersion = 9.2;
						LastSwiftMigration = 0920;
						ProvisioningStyle = Manual;
					};
				};
			};
			buildConfigurationList = FE0A0175205E7BD90027117B /* Build configuration list for PBXProject "SwiftCpp" */;
			compatibilityVersion = "Xcode 8.0";
			developmentRegion = en;
			hasScannedForEncodings = 0;
			knownRegions = (
				en,
				Base,
			);
			mainGroup = FE0A0171205E7BD90027117B;
			productRefGroup = FE0A017B205E7BD90027117B /* Products */;
			projectDirPath = "";
			projectRoot = "";
			targets = (
				FE0A0179205E7BD90027117B /* SwiftCpp */,
			);
		};
/* End PBXProject section */

/* Begin PBXResourcesBuildPhase section */
		FE0A0178205E7BD90027117B /* Resources */ = {
			isa = PBXResourcesBuildPhase;
			buildActionMask = 2147483647;
			files = (
				FE0A0182205E7BD90027117B /* Assets.xcassets in Resources */,
				FE0A0185205E7BD90027117B /* Main.storyboard in Resources */,
			);
			runOnlyForDeploymentPostprocessing = 0;
		};
/* End PBXResourcesBuildPhase section */

/* Begin PBXSourcesBuildPhase section */
		FE0A0176205E7BD90027117B /* Sources */ = {
			isa = PBXSourcesBuildPhase;
			buildActionMask = 2147483647;
			files = (
				FE0A0190205E844B0027117B /* CppWrapper.mm in Sources */,
				FE0A0180205E7BD90027117B /* ViewController.swift in Sources */,
				FE0A017E205E7BD90027117B /* AppDelegate.swift in Sources */,
				30B0FCB571D70E8072B683FA /* CppInterface.cpp in Sources */,
			);
			runOnlyForDeploymentPostprocessing = 0;
		};
/* End PBXSourcesBuildPhase section */

/* Begin PBXVariantGroup section */
		FE0A0183205E7BD90027117B /* Main.storyboard */ = {
			isa = PBXVariantGroup;
			children = (
				FE0A0184205E7BD90027117B /* Base */,
			);
			name = Main.storyboard;
			sourceTree = "<group>";
		};
/* End PBXVariantGroup section */

/* Begin XCBuildConfiguration section */
		FE0A0188205E7BD90027117B /* Debug */ = {
			isa = XCBuildConfiguration;
			buildSettings = {
				ALWAYS_SEARCH_USER_PATHS = NO;
				CLANG_ANALYZER_NONNULL = YES;
				CLANG_ANALYZER_NUMBER_OBJECT_CONVERSION = YES_AGGRESSIVE;
				CLANG_CXX_LANGUAGE_STANDARD = "gnu++14";
				CLANG_CXX_LIBRARY = "libc++";
				CLANG_ENABLE_MODULES = YES;
				CLANG_ENABLE_OBJC_ARC = YES;
				CLANG_WARN_BLOCK_CAPTURE_AUTORELEASING = YES;
				CLANG_WARN_BOOL_CONVERSION = YES;
				CLANG_WARN_COMMA = YES;
				CLANG_WARN_CONSTANT_CONVERSION = YES;
				CLANG_WARN_DIRECT_OBJC_ISA_USAGE = YES_ERROR;
				CLANG_WARN_DOCUMENTATION_COMMENTS = YES;
				CLANG_WARN_EMPTY_BODY = YES;
				CLANG_WARN_ENUM_CONVERSION = YES;
				CLANG_WARN_INFINITE_RECURSION = YES;
				CLANG_WARN_INT_CONVERSION = YES;
				CLANG_WARN_NON_LITERAL_NULL_CONVERSION = YES;
				CLANG_WARN_OBJC_LITERAL_CONVERSION = YES;
				CLANG_WARN_OBJC_ROOT_CLASS = YES_ERROR;
				CLANG_WARN_RANGE_LOOP_ANALYSIS = YES;
				CLANG_WARN_STRICT_PROTOTYPES = YES;
				CLANG_WARN_SUSPICIOUS_MOVE = YES;
				CLANG_WARN_UNGUARDED_AVAILABILITY = YES_AGGRESSIVE;
				CLANG_WARN_UNREACHABLE_CODE = YES;
				CLANG_WARN__DUPLICATE_METHOD_MATCH = YES;
				CODE_SIGN_IDENTITY = "Mac Developer";
				COPY_PHASE_STRIP = NO;
				DEBUG_INFORMATION_FORMAT = dwarf;
				ENABLE_STRICT_OBJC_MSGSEND = YES;
				ENABLE_TESTABILITY = YES;
				GCC_C_LANGUAGE_STANDARD = gnu11;
				GCC_DYNAMIC_NO_PIC = NO;
				GCC_NO_COMMON_BLOCKS = YES;
				GCC_OPTIMIZATION_LEVEL = 0;
				GCC_PREPROCESSOR_DEFINITIONS = (
					"DEBUG=1",
					"$(inherited)",
				);
				GCC_WARN_64_TO_32_BIT_CONVERSION = YES;
				GCC_WARN_ABOUT_RETURN_TYPE = YES_ERROR;
				GCC_WARN_UNDECLARED_SELECTOR = YES;
				GCC_WARN_UNINITIALIZED_AUTOS = YES_AGGRESSIVE;
				GCC_WARN_UNUSED_FUNCTION = YES;
				GCC_WARN_UNUSED_VARIABLE = YES;
				MACOSX_DEPLOYMENT_TARGET = 10.13;
				MTL_ENABLE_DEBUG_INFO = YES;
				ONLY_ACTIVE_ARCH = YES;
				SDKROOT = macosx;
				SWIFT_ACTIVE_COMPILATION_CONDITIONS = DEBUG;
				SWIFT_OPTIMIZATION_LEVEL = "-Onone";
			};
			name = Debug;
		};
		FE0A0189205E7BD90027117B /* Release */ = {
			isa = XCBuildConfiguration;
			buildSettings = {
				ALWAYS_SEARCH_USER_PATHS = NO;
				CLANG_ANALYZER_NONNULL = YES;
				CLANG_ANALYZER_NUMBER_OBJECT_CONVERSION = YES_AGGRESSIVE;
				CLANG_CXX_LANGUAGE_STANDARD = "gnu++14";
				CLANG_CXX_LIBRARY = "libc++";
				CLANG_ENABLE_MODULES = YES;
				CLANG_ENABLE_OBJC_ARC = YES;
				CLANG_WARN_BLOCK_CAPTURE_AUTORELEASING = YES;
				CLANG_WARN_BOOL_CONVERSION = YES;
				CLANG_WARN_COMMA = YES;
				CLANG_WARN_CONSTANT_CONVERSION = YES;
				CLANG_WARN_DIRECT_OBJC_ISA_USAGE = YES_ERROR;
				CLANG_WARN_DOCUMENTATION_COMMENTS = YES;
				CLANG_WARN_EMPTY_BODY = YES;
				CLANG_WARN_ENUM_CONVERSION = YES;
				CLANG_WARN_INFINITE_RECURSION = YES;
				CLANG_WARN_INT_CONVERSION = YES;
				CLANG_WARN_NON_LITERAL_NULL_CONVERSION = YES;
				CLANG_WARN_OBJC_LITERAL_CONVERSION = YES;
				CLANG_WARN_OBJC_ROOT_CLASS = YES_ERROR;
				CLANG_WARN_RANGE_LOOP_ANALYSIS = YES;
				CLANG_WARN_STRICT_PROTOTYPES = YES;
				CLANG_WARN_SUSPICIOUS_MOVE = YES;
				CLANG_WARN_UNGUARDED_AVAILABILITY = YES_AGGRESSIVE;
				CLANG_WARN_UNREACHABLE_CODE = YES;
				CLANG_WARN__DUPLICATE_METHOD_MATCH = YES;
				CODE_SIGN_IDENTITY = "Mac Developer";
				COPY_PHASE_STRIP = NO;
				DEBUG_INFORMATION_FORMAT = "dwarf-with-dsym";
				ENABLE_NS_ASSERTIONS = NO;
				ENABLE_STRICT_OBJC_MSGSEND = YES;
				GCC_C_LANGUAGE_STANDARD = gnu11;
				GCC_NO_COMMON_BLOCKS = YES;
				GCC_WARN_64_TO_32_BIT_CONVERSION = YES;
				GCC_WARN_ABOUT_RETURN_TYPE = YES_ERROR;
				GCC_WARN_UNDECLARED_SELECTOR = YES;
				GCC_WARN_UNINITIALIZED_AUTOS = YES_AGGRESSIVE;
				GCC_WARN_UNUSED_FUNCTION = YES;
				GCC_WARN_UNUSED_VARIABLE = YES;
				MACOSX_DEPLOYMENT_TARGET = 10.13;
				MTL_ENABLE_DEBUG_INFO = NO;
				SDKROOT = macosx;
				SWIFT_OPTIMIZATION_LEVEL = "-Owholemodule";
			};
			name = Release;
		};
		FE0A018B205E7BD90027117B /* Debug */ = {
			isa = XCBuildConfiguration;
			buildSettings = {
				ASSETCATALOG_COMPILER_APPICON_NAME = AppIcon;
				CLANG_ENABLE_MODULES = YES;
				CODE_SIGN_ENTITLEMENTS = SwiftCpp/SwiftCpp.entitlements;
				CODE_SIGN_STYLE = Manual;
				COMBINE_HIDPI_IMAGES = YES;
				DEVELOPMENT_TEAM = XE3WYMJST4;
				INFOPLIST_FILE = SwiftCpp/Info.plist;
				LD_RUNPATH_SEARCH_PATHS = "$(inherited) @executable_path/../Frameworks";
				PRODUCT_BUNDLE_IDENTIFIER = com.myakushka.SwiftCpp;
				PRODUCT_NAME = "$(TARGET_NAME)";
				PROVISIONING_PROFILE_SPECIFIER = "";
				SWIFT_OBJC_BRIDGING_HEADER = "SwiftCpp/SwiftCpp-Bridging-Header.h";
				SWIFT_OPTIMIZATION_LEVEL = "-Onone";
				SWIFT_VERSION = 4.0;
			};
			name = Debug;
		};
		FE0A018C205E7BD90027117B /* Release */ = {
			isa = XCBuildConfiguration;
			buildSettings = {
				ASSETCATALOG_COMPILER_APPICON_NAME = AppIcon;
				CLANG_ENABLE_MODULES = YES;
				CODE_SIGN_ENTITLEMENTS = SwiftCpp/SwiftCpp.entitlements;
				CODE_SIGN_STYLE = Manual;
				COMBINE_HIDPI_IMAGES = YES;
				DEVELOPMENT_TEAM = XE3WYMJST4;
				INFOPLIST_FILE = SwiftCpp/Info.plist;
				LD_RUNPATH_SEARCH_PATHS = "$(inherited) @executable_path/../Frameworks";
				PRODUCT_BUNDLE_IDENTIFIER = com.myakushka.SwiftCpp;
				PRODUCT_NAME = "$(TARGET_NAME)";
				PROVISIONING_PROFILE_SPECIFIER = "";
				SWIFT_OBJC_BRIDGING_HEADER = "SwiftCpp/SwiftCpp-Bridging-Header.h";
				SWIFT_VERSION = 4.0;
			};
			name = Release;
		};
/* End XCBuildConfiguration section */

/* Begin XCConfigurationList section */
		FE0A0175205E7BD90027117B /* Build configuration list for PBXProject "SwiftCpp" */ = {
			isa = XCConfigurationList;
			buildConfigurations = (
				FE0A0188205E7BD90027117B /* Debug */,
				FE0A0189205E7BD90027117B /* Release */,
			);
			defaultConfigurationIsVisible = 0;
			defaultConfigurationName = Release;
		};
		FE0A018A205E7BD90027117B /* Build configuration list for PBXNativeTarget "SwiftCpp" */ = {
			isa = XCConfigurationList;
			buildConfigurations = (
				FE0A018B205E7BD90027117B /* Debug */,
				FE0A018C205E7BD90027117B /* Release */,
			);
			defaultConfigurationIsVisible = 0;
			defaultConfigurationName = Release;
		};
/* End XCConfigurationList section */
	};
	rootObject = FE0A0172205E7BD90027117B /* Project object */;
}
